
Microsoft Visual Studio Solution File, Format Version 12.00
# Visual Studio Version 16
VisualStudioVersion = 16.0.31515.178
MinimumVisualStudioVersion = 10.0.40219.1
Project("{FAE04EC0-301F-11D3-BF4B-00C04F79EFBC}") = "Ex04.Menus.Interfaces", "Ex04.Menus.Interfaces\Ex04.Menus.Interfaces.csproj", "{53A79858-5769-426D-A551-C9DA3BE346D3}"
EndProject
Project("{FAE04EC0-301F-11D3-BF4B-00C04F79EFBC}") = "Ex04.Menus.Delegates", "Ex04.Menus.Delegates\Ex04.Menus.Delegates.csproj", "{AC10D50E-083D-458E-B59B-C1257243937C}"
EndProject
Project("{FAE04EC0-301F-11D3-BF4B-00C04F79EFBC}") = "Ex04.Menus.Test", "Ex04.Menus.Test\Ex04.Menus.Test.csproj", "{03BD46FE-9E72-49C9-A53A-0EFF36C70A82}"
EndProject
Global
	GlobalSection(SolutionConfigurationPlatforms) = preSolution
		Debug|Any CPU = Debug|Any CPU
		Release|Any CPU = Release|Any CPU
	EndGlobalSection
	GlobalSection(ProjectConfigurationPlatforms) = postSolution
		{53A79858-5769-426D-A551-C9DA3BE346D3}.Debug|Any CPU.ActiveCfg = Debug|Any CPU
		{53A79858-5769-426D-A551-C9DA3BE346D3}.Debug|Any CPU.Build.0 = Debug|Any CPU
		{53A79858-5769-426D-A551-C9DA3BE346D3}.Release|Any CPU.ActiveCfg = Release|Any CPU
		{53A79858-5769-426D-A551-C9DA3BE346D3}.Release|Any CPU.Build.0 = Release|Any CPU
		{AC10D50E-083D-458E-B59B-C1257243937C}.Debug|Any CPU.ActiveCfg = Debug|Any CPU
		{AC10D50E-083D-458E-B59B-C1257243937C}.Debug|Any CPU.Build.0 = Debug|Any CPU
		{AC10D50E-083D-458E-B59B-C1257243937C}.Release|Any CPU.ActiveCfg = Release|Any CPU
		{AC10D50E-083D-458E-B59B-C1257243937C}.Release|Any CPU.Build.0 = Release|Any CPU
		{03BD46FE-9E72-49C9-A53A-0EFF36C70A82}.Debug|Any CPU.ActiveCfg = Debug|Any CPU
		{03BD46FE-9E72-49C9-A53A-0EFF36C70A82}.Debug|Any CPU.Build.0 = Debug|Any CPU
		{03BD46FE-9E72-49C9-A53A-0EFF36C70A82}.Release|Any CPU.ActiveCfg = Release|Any CPU
		{03BD46FE-9E72-49C9-A53A-0EFF36C70A82}.Release|Any CPU.Build.0 = Release|Any CPU
	EndGlobalSection
	GlobalSection(SolutionProperties) = preSolution
		HideSolutionNode = FALSE
	EndGlobalSection
	GlobalSection(ExtensibilityGlobals) = postSolution
		SolutionGuid = {5743F6A1-5182-47E9-A71C-BFA81345B1D2}
	EndGlobalSection
EndGlobal
